
Microsoft Visual Studio Solution File, Format Version 12.00
# Visual Studio Version 16
VisualStudioVersion = 16.0.31613.86
MinimumVisualStudioVersion = 10.0.40219.1
Project("{FAE04EC0-301F-11D3-BF4B-00C04F79EFBC}") = "MyPetStoreOnlineBlazorWasm", "MyPetStoreOnlineBlazorWasm.csproj", "{698EF66C-5C35-4416-810C-43B7B77DF7E1}"
EndProject
Global
	GlobalSection(SolutionConfigurationPlatforms) = preSolution
		Debug|Any CPU = Debug|Any CPU
		Release|Any CPU = Release|Any CPU
	EndGlobalSection
	GlobalSection(ProjectConfigurationPlatforms) = postSolution
		{698EF66C-5C35-4416-810C-43B7B77DF7E1}.Debug|Any CPU.ActiveCfg = Debug|Any CPU
		{698EF66C-5C35-4416-810C-43B7B77DF7E1}.Debug|Any CPU.Build.0 = Debug|Any CPU
		{698EF66C-5C35-4416-810C-43B7B77DF7E1}.Release|Any CPU.ActiveCfg = Release|Any CPU
		{698EF66C-5C35-4416-810C-43B7B77DF7E1}.Release|Any CPU.Build.0 = Release|Any CPU
	EndGlobalSection
	GlobalSection(SolutionProperties) = preSolution
		HideSolutionNode = FALSE
	EndGlobalSection
	GlobalSection(ExtensibilityGlobals) = postSolution
		SolutionGuid = {1B9C7E29-D36F-4907-9E10-924010E8BC49}
	EndGlobalSection
EndGlobal
