
Microsoft Visual Studio Solution File, Format Version 12.00
# Visual Studio Version 16
VisualStudioVersion = 16.0.31515.178
MinimumVisualStudioVersion = 10.0.40219.1
Project("{FAE04EC0-301F-11D3-BF4B-00C04F79EFBC}") = "MyVehicles", "MyVehicles.csproj", "{4BF25917-250B-4DEC-A64E-BB3EFE15AB3A}"
EndProject
Global
	GlobalSection(SolutionConfigurationPlatforms) = preSolution
		Debug|Any CPU = Debug|Any CPU
		Release|Any CPU = Release|Any CPU
	EndGlobalSection
	GlobalSection(ProjectConfigurationPlatforms) = postSolution
		{4BF25917-250B-4DEC-A64E-BB3EFE15AB3A}.Debug|Any CPU.ActiveCfg = Debug|Any CPU
		{4BF25917-250B-4DEC-A64E-BB3EFE15AB3A}.Debug|Any CPU.Build.0 = Debug|Any CPU
		{4BF25917-250B-4DEC-A64E-BB3EFE15AB3A}.Release|Any CPU.ActiveCfg = Release|Any CPU
		{4BF25917-250B-4DEC-A64E-BB3EFE15AB3A}.Release|Any CPU.Build.0 = Release|Any CPU
	EndGlobalSection
	GlobalSection(SolutionProperties) = preSolution
		HideSolutionNode = FALSE
	EndGlobalSection
	GlobalSection(ExtensibilityGlobals) = postSolution
		SolutionGuid = {BC426984-9F16-4596-82C1-B566933CFB77}
	EndGlobalSection
EndGlobal
