
Microsoft Visual Studio Solution File, Format Version 12.00
# Visual Studio Version 16
VisualStudioVersion = 16.0.31515.178
MinimumVisualStudioVersion = 10.0.40219.1
Project("{FAE04EC0-301F-11D3-BF4B-00C04F79EFBC}") = "LINQExcercises", "LINQExcercises.csproj", "{037282DF-D70F-46F0-83BB-AF9E88A9AA88}"
EndProject
Global
	GlobalSection(SolutionConfigurationPlatforms) = preSolution
		Debug|Any CPU = Debug|Any CPU
		Release|Any CPU = Release|Any CPU
	EndGlobalSection
	GlobalSection(ProjectConfigurationPlatforms) = postSolution
		{037282DF-D70F-46F0-83BB-AF9E88A9AA88}.Debug|Any CPU.ActiveCfg = Debug|Any CPU
		{037282DF-D70F-46F0-83BB-AF9E88A9AA88}.Debug|Any CPU.Build.0 = Debug|Any CPU
		{037282DF-D70F-46F0-83BB-AF9E88A9AA88}.Release|Any CPU.ActiveCfg = Release|Any CPU
		{037282DF-D70F-46F0-83BB-AF9E88A9AA88}.Release|Any CPU.Build.0 = Release|Any CPU
	EndGlobalSection
	GlobalSection(SolutionProperties) = preSolution
		HideSolutionNode = FALSE
	EndGlobalSection
	GlobalSection(ExtensibilityGlobals) = postSolution
		SolutionGuid = {341A1478-3323-437B-94A6-F65C3AE26E5E}
	EndGlobalSection
EndGlobal
