
Microsoft Visual Studio Solution File, Format Version 12.00
# Visual Studio Version 16
VisualStudioVersion = 16.0.31205.134
MinimumVisualStudioVersion = 10.0.40219.1
Project("{9A19103F-16F7-4668-BE54-9A1E7A4F7556}") = "Numbers", "Numbers.csproj", "{70C7DD47-1DC5-4F3C-96A5-E44AC2B493EA}"
EndProject
Project("{FAE04EC0-301F-11D3-BF4B-00C04F79EFBC}") = "Lists", "..\Lists\Lists.csproj", "{CBA415FD-8566-4C1A-B58B-741F0FFD4082}"
EndProject
Project("{FAE04EC0-301F-11D3-BF4B-00C04F79EFBC}") = "Fibonacci", "..\Fibonacci\Fibonacci.csproj", "{3ACE6B35-7FB9-492A-9ACB-972F7EE561FB}"
EndProject
Global
	GlobalSection(SolutionConfigurationPlatforms) = preSolution
		Debug|Any CPU = Debug|Any CPU
		Release|Any CPU = Release|Any CPU
	EndGlobalSection
	GlobalSection(ProjectConfigurationPlatforms) = postSolution
		{70C7DD47-1DC5-4F3C-96A5-E44AC2B493EA}.Debug|Any CPU.ActiveCfg = Debug|Any CPU
		{70C7DD47-1DC5-4F3C-96A5-E44AC2B493EA}.Debug|Any CPU.Build.0 = Debug|Any CPU
		{70C7DD47-1DC5-4F3C-96A5-E44AC2B493EA}.Release|Any CPU.ActiveCfg = Release|Any CPU
		{70C7DD47-1DC5-4F3C-96A5-E44AC2B493EA}.Release|Any CPU.Build.0 = Release|Any CPU
		{CBA415FD-8566-4C1A-B58B-741F0FFD4082}.Debug|Any CPU.ActiveCfg = Debug|Any CPU
		{CBA415FD-8566-4C1A-B58B-741F0FFD4082}.Debug|Any CPU.Build.0 = Debug|Any CPU
		{CBA415FD-8566-4C1A-B58B-741F0FFD4082}.Release|Any CPU.ActiveCfg = Release|Any CPU
		{CBA415FD-8566-4C1A-B58B-741F0FFD4082}.Release|Any CPU.Build.0 = Release|Any CPU
		{3ACE6B35-7FB9-492A-9ACB-972F7EE561FB}.Debug|Any CPU.ActiveCfg = Debug|Any CPU
		{3ACE6B35-7FB9-492A-9ACB-972F7EE561FB}.Debug|Any CPU.Build.0 = Debug|Any CPU
		{3ACE6B35-7FB9-492A-9ACB-972F7EE561FB}.Release|Any CPU.ActiveCfg = Release|Any CPU
		{3ACE6B35-7FB9-492A-9ACB-972F7EE561FB}.Release|Any CPU.Build.0 = Release|Any CPU
	EndGlobalSection
	GlobalSection(SolutionProperties) = preSolution
		HideSolutionNode = FALSE
	EndGlobalSection
	GlobalSection(ExtensibilityGlobals) = postSolution
		SolutionGuid = {1C875A88-7984-471C-BFE7-5EE62DD7061A}
	EndGlobalSection
EndGlobal
