
Microsoft Visual Studio Solution File, Format Version 12.00
# Visual Studio Version 16
VisualStudioVersion = 16.0.31205.134
MinimumVisualStudioVersion = 10.0.40219.1
Project("{FAE04EC0-301F-11D3-BF4B-00C04F79EFBC}") = "HelloWorld", "HelloWorld.csproj", "{CAF09009-3695-4F73-BA33-38D4FD51FA6D}"
EndProject
Project("{FAE04EC0-301F-11D3-BF4B-00C04F79EFBC}") = "Numbers", "..\Numbers\Numbers.csproj", "{A01FC526-ADA4-41FD-8FF1-55CACC65B802}"
EndProject
Global
	GlobalSection(SolutionConfigurationPlatforms) = preSolution
		Debug|Any CPU = Debug|Any CPU
		Release|Any CPU = Release|Any CPU
	EndGlobalSection
	GlobalSection(ProjectConfigurationPlatforms) = postSolution
		{CAF09009-3695-4F73-BA33-38D4FD51FA6D}.Debug|Any CPU.ActiveCfg = Debug|Any CPU
		{CAF09009-3695-4F73-BA33-38D4FD51FA6D}.Debug|Any CPU.Build.0 = Debug|Any CPU
		{CAF09009-3695-4F73-BA33-38D4FD51FA6D}.Release|Any CPU.ActiveCfg = Release|Any CPU
		{CAF09009-3695-4F73-BA33-38D4FD51FA6D}.Release|Any CPU.Build.0 = Release|Any CPU
		{A01FC526-ADA4-41FD-8FF1-55CACC65B802}.Debug|Any CPU.ActiveCfg = Debug|Any CPU
		{A01FC526-ADA4-41FD-8FF1-55CACC65B802}.Debug|Any CPU.Build.0 = Debug|Any CPU
		{A01FC526-ADA4-41FD-8FF1-55CACC65B802}.Release|Any CPU.ActiveCfg = Release|Any CPU
		{A01FC526-ADA4-41FD-8FF1-55CACC65B802}.Release|Any CPU.Build.0 = Release|Any CPU
	EndGlobalSection
	GlobalSection(SolutionProperties) = preSolution
		HideSolutionNode = FALSE
	EndGlobalSection
	GlobalSection(ExtensibilityGlobals) = postSolution
		SolutionGuid = {70FEB9B9-4C8A-4624-BE11-C68A610057A8}
	EndGlobalSection
EndGlobal
