
Microsoft Visual Studio Solution File, Format Version 12.00
# Visual Studio Version 16
VisualStudioVersion = 16.0.31515.178
MinimumVisualStudioVersion = 10.0.40219.1
Project("{FAE04EC0-301F-11D3-BF4B-00C04F79EFBC}") = "MyPetStore", "MyPetStore.csproj", "{581E01B1-D211-497D-B51D-1F81C0679AF4}"
EndProject
Global
	GlobalSection(SolutionConfigurationPlatforms) = preSolution
		Debug|Any CPU = Debug|Any CPU
		Release|Any CPU = Release|Any CPU
	EndGlobalSection
	GlobalSection(ProjectConfigurationPlatforms) = postSolution
		{581E01B1-D211-497D-B51D-1F81C0679AF4}.Debug|Any CPU.ActiveCfg = Debug|Any CPU
		{581E01B1-D211-497D-B51D-1F81C0679AF4}.Debug|Any CPU.Build.0 = Debug|Any CPU
		{581E01B1-D211-497D-B51D-1F81C0679AF4}.Release|Any CPU.ActiveCfg = Release|Any CPU
		{581E01B1-D211-497D-B51D-1F81C0679AF4}.Release|Any CPU.Build.0 = Release|Any CPU
	EndGlobalSection
	GlobalSection(SolutionProperties) = preSolution
		HideSolutionNode = FALSE
	EndGlobalSection
	GlobalSection(ExtensibilityGlobals) = postSolution
		SolutionGuid = {1C3B0653-9E74-4FB3-B292-1E749FBFB57B}
	EndGlobalSection
EndGlobal
